
Microsoft Visual Studio Solution File, Format Version 12.00
# Visual Studio Version 17
VisualStudioVersion = 17.14.37111.16 d17.14
MinimumVisualStudioVersion = 10.0.40219.1
Project("{D2ABAB84-BF74-430A-B69E-9DC6D40DDA17}") = "FinalAnalysisGravityBook", "FinalAnalysisGravityBook\FinalAnalysisGravityBook.dwproj", "{AE5CCD15-1F01-5373-A3D1-7DBA63726F67}"
EndProject
Global
	GlobalSection(SolutionConfigurationPlatforms) = preSolution
		Development|Default = Development|Default
	EndGlobalSection
	GlobalSection(ProjectConfigurationPlatforms) = postSolution
		{AE5CCD15-1F01-5373-A3D1-7DBA63726F67}.Development|Default.ActiveCfg = Development
		{AE5CCD15-1F01-5373-A3D1-7DBA63726F67}.Development|Default.Build.0 = Development
		{AE5CCD15-1F01-5373-A3D1-7DBA63726F67}.Development|Default.Deploy.0 = Development
	EndGlobalSection
	GlobalSection(SolutionProperties) = preSolution
		HideSolutionNode = FALSE
	EndGlobalSection
	GlobalSection(ExtensibilityGlobals) = postSolution
		SolutionGuid = {419A749E-BA26-41AC-A1EC-E353DDB29621}
	EndGlobalSection
EndGlobal
